// !$*UTF8*$!
{
	archiveVersion = 1;
	classes = {
	};
	objectVersion = 77;
	objects = {

/* Begin PBXContainerItemProxy section */
		0657E1FD2EA531C9006C923F /* PBXContainerItemProxy */ = {
			isa = PBXContainerItemProxy;
			containerPortal = 0657E1E72EA531C6006C923F /* Project object */;
			proxyType = 1;
			remoteGlobalIDString = 0657E1EE2EA531C6006C923F;
			remoteInfo = ChildCare;
		};
		0657E2072EA531C9006C923F /* PBXContainerItemProxy */ = {
			isa = PBXContainerItemProxy;
			containerPortal = 0657E1E72EA531C6006C923F /* Project object */;
			proxyType = 1;
			remoteGlobalIDString = 0657E1EE2EA531C6006C923F;
			remoteInfo = ChildCare;
		};
/* End PBXContainerItemProxy section */

/* Begin PBXFileReference section */
		0657E1EF2EA531C6006C923F /* ChildCare.app */ = {isa = PBXFileReference; explicitFileType = wrapper.application; includeInIndex = 0; path = ChildCare.app; sourceTree = BUILT_PRODUCTS_DIR; };
		0657E1FC2EA531C9006C923F /* ChildCareTests.xctest */ = {isa = PBXFileReference; explicitFileType = wrapper.cfbundle; includeInIndex = 0; path = ChildCareTests.xctest; sourceTree = BUILT_PRODUCTS_DIR; };
		0657E2062EA531C9006C923F /* ChildCareUITests.xctest */ = {isa = PBXFileReference; explicitFileType = wrapper.cfbundle; includeInIndex = 0; path = ChildCareUITests.xctest; sourceTree = BUILT_PRODUCTS_DIR; };
/* End PBXFileReference section */

/* Begin PBXFileSystemSynchronizedBuildFileExceptionSet section */
		0657C0D42EA7458400B89CD6 /* Exceptions for "ChildCare" folder in "ChildCare" target */ = {
			isa = PBXFileSystemSynchronizedBuildFileExceptionSet;
			membershipExceptions = (
				Info.plist,
			);
			target = 0657E1EE2EA531C6006C923F /* ChildCare */;
		};
/* End PBXFileSystemSynchronizedBuildFileExceptionSet section */

/* Begin PBXFileSystemSynchronizedRootGroup section */
		0657E1F12EA531C6006C923F /* ChildCare */ = {
			isa = PBXFileSystemSynchronizedRootGroup;
			exceptions = (
				0657C0D42EA7458400B89CD6 /* Exceptions for "ChildCare" folder in "ChildCare" target */,
			);
			path = ChildCare;
			sourceTree = "<group>";
		};
		0657E1FF2EA531C9006C923F /* ChildCareTests */ = {
			isa = PBXFileSystemSynchronizedRootGroup;
			path = ChildCareTests;
			sourceTree = "<group>";
		};
		0657E2092EA531C9006C923F /* ChildCareUITests */ = {
			isa = PBXFileSystemSynchronizedRootGroup;
			path = ChildCareUITests;
			sourceTree = "<group>";
		};
/* End PBXFileSystemSynchronizedRootGroup section */

/* Begin PBXFrameworksBuildPhase section */
		0657E1EC2EA531C6006C923F /* Frameworks */ = {
			isa = PBXFrameworksBuildPhase;
			buildActionMask = 2147483647;
			files = (
			);
			runOnlyForDeploymentPostprocessing = 0;
		};
		0657E1F92EA531C9006C923F /* Frameworks */ = {
			isa = PBXFrameworksBuildPhase;
			buildActionMask = 2147483647;
			files = (
			);
			runOnlyForDeploymentPostprocessing = 0;
		};
		0657E2032EA531C9006C923F /* Frameworks */ = {
			isa = PBXFrameworksBuildPhase;
			buildActionMask = 2147483647;
			files = (
			);
			runOnlyForDeploymentPostprocessing = 0;
		};
/* End PBXFrameworksBuildPhase section */

/* Begin PBXGroup section */
		0657E1E62EA531C6006C923F = {
			isa = PBXGroup;
			children = (
				0657E1F12EA531C6006C923F /* ChildCare */,
				0657E1FF2EA531C9006C923F /* ChildCareTests */,
				0657E2092EA531C9006C923F /* ChildCareUITests */,
				0657E1F02EA531C6006C923F /* Products */,
			);
			sourceTree = "<group>";
		};
		0657E1F02EA531C6006C923F /* Products */ = {
			isa = PBXGroup;
			children = (
				0657E1EF2EA531C6006C923F /* ChildCare.app */,
				0657E1FC2EA531C9006C923F /* ChildCareTests.xctest */,
				0657E2062EA531C9006C923F /* ChildCareUITests.xctest */,
			);
			name = Products;
			sourceTree = "<group>";
		};
/* End PBXGroup section */

/* Begin PBXNativeTarget section */
		0657E1EE2EA531C6006C923F /* ChildCare */ = {
			isa = PBXNativeTarget;
			buildConfigurationList = 0657E2102EA531C9006C923F /* Build configuration list for PBXNativeTarget "ChildCare" */;
			buildPhases = (
				0657E1EB2EA531C6006C923F /* Sources */,
				0657E1EC2EA531C6006C923F /* Frameworks */,
				0657E1ED2EA531C6006C923F /* Resources */,
			);
			buildRules = (
			);
			dependencies = (
			);
			fileSystemSynchronizedGroups = (
				0657E1F12EA531C6006C923F /* ChildCare */,
			);
			name = ChildCare;
			packageProductDependencies = (
			);
			productName = ChildCare;
			productReference = 0657E1EF2EA531C6006C923F /* ChildCare.app */;
			productType = "com.apple.product-type.application";
		};
		0657E1FB2EA531C9006C923F /* ChildCareTests */ = {
			isa = PBXNativeTarget;
			buildConfigurationList = 0657E2132EA531C9006C923F /* Build configuration list for PBXNativeTarget "ChildCareTests" */;
			buildPhases = (
				0657E1F82EA531C9006C923F /* Sources */,
				0657E1F92EA531C9006C923F /* Frameworks */,
				0657E1FA2EA531C9006C923F /* Resources */,
			);
			buildRules = (
			);
			dependencies = (
				0657E1FE2EA531C9006C923F /* PBXTargetDependency */,
			);
			fileSystemSynchronizedGroups = (
				0657E1FF2EA531C9006C923F /* ChildCareTests */,
			);
			name = ChildCareTests;
			packageProductDependencies = (
			);
			productName = ChildCareTests;
			productReference = 0657E1FC2EA531C9006C923F /* ChildCareTests.xctest */;
			productType = "com.apple.product-type.bundle.unit-test";
		};
		0657E2052EA531C9006C923F /* ChildCareUITests */ = {
			isa = PBXNativeTarget;
			buildConfigurationList = 0657E2162EA531C9006C923F /* Build configuration list for PBXNativeTarget "ChildCareUITests" */;
			buildPhases = (
				0657E2022EA531C9006C923F /* Sources */,
				0657E2032EA531C9006C923F /* Frameworks */,
				0657E2042EA531C9006C923F /* Resources */,
			);
			buildRules = (
			);
			dependencies = (
				0657E2082EA531C9006C923F /* PBXTargetDependency */,
			);
			fileSystemSynchronizedGroups = (
				0657E2092EA531C9006C923F /* ChildCareUITests */,
			);
			name = ChildCareUITests;
			packageProductDependencies = (
			);
			productName = ChildCareUITests;
			productReference = 0657E2062EA531C9006C923F /* ChildCareUITests.xctest */;
			productType = "com.apple.product-type.bundle.ui-testing";
		};
/* End PBXNativeTarget section */

/* Begin PBXProject section */
		0657E1E72EA531C6006C923F /* Project object */ = {
			isa = PBXProject;
			attributes = {
				BuildIndependentTargetsInParallel = 1;
				LastSwiftUpdateCheck = 2600;
				LastUpgradeCheck = 2600;
				TargetAttributes = {
					0657E1EE2EA531C6006C923F = {
						CreatedOnToolsVersion = 26.0.1;
					};
					0657E1FB2EA531C9006C923F = {
						CreatedOnToolsVersion = 26.0.1;
						TestTargetID = 0657E1EE2EA531C6006C923F;
					};
					0657E2052EA531C9006C923F = {
						CreatedOnToolsVersion = 26.0.1;
						TestTargetID = 0657E1EE2EA531C6006C923F;
					};
				};
			};
			buildConfigurationList = 0657E1EA2EA531C6006C923F /* Build configuration list for PBXProject "ChildCare" */;
			developmentRegion = en;
			hasScannedForEncodings = 0;
			knownRegions = (
				en,
				Base,
			);
			mainGroup = 0657E1E62EA531C6006C923F;
			minimizedProjectReferenceProxies = 1;
			preferredProjectObjectVersion = 77;
			productRefGroup = 0657E1F02EA531C6006C923F /* Products */;
			projectDirPath = "";
			projectRoot = "";
			targets = (
				0657E1EE2EA531C6006C923F /* ChildCare */,
				0657E1FB2EA531C9006C923F /* ChildCareTests */,
				0657E2052EA531C9006C923F /* ChildCareUITests */,
			);
		};
/* End PBXProject section */

/* Begin PBXResourcesBuildPhase section */
		0657E1ED2EA531C6006C923F /* Resources */ = {
			isa = PBXResourcesBuildPhase;
			buildActionMask = 2147483647;
			files = (
			);
			runOnlyForDeploymentPostprocessing = 0;
		};
		0657E1FA2EA531C9006C923F /* Resources */ = {
			isa = PBXResourcesBuildPhase;
			buildActionMask = 2147483647;
			files = (
			);
			runOnlyForDeploymentPostprocessing = 0;
		};
		0657E2042EA531C9006C923F /* Resources */ = {
			isa = PBXResourcesBuildPhase;
			buildActionMask = 2147483647;
			files = (
			);
			runOnlyForDeploymentPostprocessing = 0;
		};
/* End PBXResourcesBuildPhase section */

/* Begin PBXSourcesBuildPhase section */
		0657E1EB2EA531C6006C923F /* Sources */ = {
			isa = PBXSourcesBuildPhase;
			buildActionMask = 2147483647;
			files = (
			);
			runOnlyForDeploymentPostprocessing = 0;
		};
		0657E1F82EA531C9006C923F /* Sources */ = {
			isa = PBXSourcesBuildPhase;
			buildActionMask = 2147483647;
			files = (
			);
			runOnlyForDeploymentPostprocessing = 0;
		};
		0657E2022EA531C9006C923F /* Sources */ = {
			isa = PBXSourcesBuildPhase;
			buildActionMask = 2147483647;
			files = (
			);
			runOnlyForDeploymentPostprocessing = 0;
		};
/* End PBXSourcesBuildPhase section */

/* Begin PBXTargetDependency section */
		0657E1FE2EA531C9006C923F /* PBXTargetDependency */ = {
			isa = PBXTargetDependency;
			target = 0657E1EE2EA531C6006C923F /* ChildCare */;
			targetProxy = 0657E1FD2EA531C9006C923F /* PBXContainerItemProxy */;
		};
		0657E2082EA531C9006C923F /* PBXTargetDependency */ = {
			isa = PBXTargetDependency;
			target = 0657E1EE2EA531C6006C923F /* ChildCare */;
			targetProxy = 0657E2072EA531C9006C923F /* PBXContainerItemProxy */;
		};
/* End PBXTargetDependency section */

/* Begin XCBuildConfiguration section */
		0657E20E2EA531C9006C923F /* Debug */ = {
			isa = XCBuildConfiguration;
			buildSettings = {
				ALWAYS_SEARCH_USER_PATHS = NO;
				ASSETCATALOG_COMPILER_GENERATE_SWIFT_ASSET_SYMBOL_EXTENSIONS = YES;
				CLANG_ANALYZER_NONNULL = YES;
				CLANG_ANALYZER_NUMBER_OBJECT_CONVERSION = YES_AGGRESSIVE;
				CLANG_CXX_LANGUAGE_STANDARD = "gnu++20";
				CLANG_ENABLE_MODULES = YES;
				CLANG_ENABLE_OBJC_ARC = YES;
				CLANG_ENABLE_OBJC_WEAK = YES;
				CLANG_WARN_BLOCK_CAPTURE_AUTORELEASING = YES;
				CLANG_WARN_BOOL_CONVERSION = YES;
				CLANG_WARN_COMMA = YES;
				CLANG_WARN_CONSTANT_CONVERSION = YES;
				CLANG_WARN_DEPRECATED_OBJC_IMPLEMENTATIONS = YES;
				CLANG_WARN_DIRECT_OBJC_ISA_USAGE = YES_ERROR;
				CLANG_WARN_DOCUMENTATION_COMMENTS = YES;
				CLANG_WARN_EMPTY_BODY = YES;
				CLANG_WARN_ENUM_CONVERSION = YES;
				CLANG_WARN_INFINITE_RECURSION = YES;
				CLANG_WARN_INT_CONVERSION = YES;
				CLANG_WARN_NON_LITERAL_NULL_CONVERSION = YES;
				CLANG_WARN_OBJC_IMPLICIT_RETAIN_SELF = YES;
				CLANG_WARN_OBJC_LITERAL_CONVERSION = YES;
				CLANG_WARN_OBJC_ROOT_CLASS = YES_ERROR;
				CLANG_WARN_QUOTED_INCLUDE_IN_FRAMEWORK_HEADER = YES;
				CLANG_WARN_RANGE_LOOP_ANALYSIS = YES;
				CLANG_WARN_STRICT_PROTOTYPES = YES;
				CLANG_WARN_SUSPICIOUS_MOVE = YES;
				CLANG_WARN_UNGUARDED_AVAILABILITY = YES_AGGRESSIVE;
				CLANG_WARN_UNREACHABLE_CODE = YES;
				CLANG_WARN__DUPLICATE_METHOD_MATCH = YES;
				COPY_PHASE_STRIP = NO;
				DEBUG_INFORMATION_FORMAT = dwarf;
				DEVELOPMENT_TEAM = P2B8GBB5KP;
				ENABLE_STRICT_OBJC_MSGSEND = YES;
				ENABLE_TESTABILITY = YES;
				ENABLE_USER_SCRIPT_SANDBOXING = YES;
				GCC_C_LANGUAGE_STANDARD = gnu17;
				GCC_DYNAMIC_NO_PIC = NO;
				GCC_NO_COMMON_BLOCKS = YES;
				GCC_OPTIMIZATION_LEVEL = 0;
				GCC_PREPROCESSOR_DEFINITIONS = (
					"DEBUG=1",
					"$(inherited)",
				);
				GCC_WARN_64_TO_32_BIT_CONVERSION = YES;
				GCC_WARN_ABOUT_RETURN_TYPE = YES_ERROR;
				GCC_WARN_UNDECLARED_SELECTOR = YES;
				GCC_WARN_UNINITIALIZED_AUTOS = YES_AGGRESSIVE;
				GCC_WARN_UNUSED_FUNCTION = YES;
				GCC_WARN_UNUSED_VARIABLE = YES;
				IPHONEOS_DEPLOYMENT_TARGET = 26.0;
				LOCALIZATION_PREFERS_STRING_CATALOGS = YES;
				MTL_ENABLE_DEBUG_INFO = INCLUDE_SOURCE;
				MTL_FAST_MATH = YES;
				ONLY_ACTIVE_ARCH = YES;
				SDKROOT = iphoneos;
				SWIFT_ACTIVE_COMPILATION_CONDITIONS = "DEBUG $(inherited)";
				SWIFT_OPTIMIZATION_LEVEL = "-Onone";
			};
			name = Debug;
		};
		0657E20F2EA531C9006C923F /* Release */ = {
			isa = XCBuildConfiguration;
			buildSettings = {
				ALWAYS_SEARCH_USER_PATHS = NO;
				ASSETCATALOG_COMPILER_GENERATE_SWIFT_ASSET_SYMBOL_EXTENSIONS = YES;
				CLANG_ANALYZER_NONNULL = YES;
				CLANG_ANALYZER_NUMBER_OBJECT_CONVERSION = YES_AGGRESSIVE;
				CLANG_CXX_LANGUAGE_STANDARD = "gnu++20";
				CLANG_ENABLE_MODULES = YES;
				CLANG_ENABLE_OBJC_ARC = YES;
				CLANG_ENABLE_OBJC_WEAK = YES;
				CLANG_WARN_BLOCK_CAPTURE_AUTORELEASING = YES;
				CLANG_WARN_BOOL_CONVERSION = YES;
				CLANG_WARN_COMMA = YES;
				CLANG_WARN_CONSTANT_CONVERSION = YES;
				CLANG_WARN_DEPRECATED_OBJC_IMPLEMENTATIONS = YES;
				CLANG_WARN_DIRECT_OBJC_ISA_USAGE = YES_ERROR;
				CLANG_WARN_DOCUMENTATION_COMMENTS = YES;
				CLANG_WARN_EMPTY_BODY = YES;
				CLANG_WARN_ENUM_CONVERSION = YES;
				CLANG_WARN_INFINITE_RECURSION = YES;
				CLANG_WARN_INT_CONVERSION = YES;
				CLANG_WARN_NON_LITERAL_NULL_CONVERSION = YES;
				CLANG_WARN_OBJC_IMPLICIT_RETAIN_SELF = YES;
				CLANG_WARN_OBJC_LITERAL_CONVERSION = YES;
				CLANG_WARN_OBJC_ROOT_CLASS = YES_ERROR;
				CLANG_WARN_QUOTED_INCLUDE_IN_FRAMEWORK_HEADER = YES;
				CLANG_WARN_RANGE_LOOP_ANALYSIS = YES;
				CLANG_WARN_STRICT_PROTOTYPES = YES;
				CLANG_WARN_SUSPICIOUS_MOVE = YES;
				CLANG_WARN_UNGUARDED_AVAILABILITY = YES_AGGRESSIVE;
				CLANG_WARN_UNREACHABLE_CODE = YES;
				CLANG_WARN__DUPLICATE_METHOD_MATCH = YES;
				COPY_PHASE_STRIP = NO;
				DEBUG_INFORMATION_FORMAT = "dwarf-with-dsym";
				DEVELOPMENT_TEAM = P2B8GBB5KP;
				ENABLE_NS_ASSERTIONS = NO;
				ENABLE_STRICT_OBJC_MSGSEND = YES;
				ENABLE_USER_SCRIPT_SANDBOXING = YES;
				GCC_C_LANGUAGE_STANDARD = gnu17;
				GCC_NO_COMMON_BLOCKS = YES;
				GCC_WARN_64_TO_32_BIT_CONVERSION = YES;
				GCC_WARN_ABOUT_RETURN_TYPE = YES_ERROR;
				GCC_WARN_UNDECLARED_SELECTOR = YES;
				GCC_WARN_UNINITIALIZED_AUTOS = YES_AGGRESSIVE;
				GCC_WARN_UNUSED_FUNCTION = YES;
				GCC_WARN_UNUSED_VARIABLE = YES;
				IPHONEOS_DEPLOYMENT_TARGET = 26.0;
				LOCALIZATION_PREFERS_STRING_CATALOGS = YES;
				MTL_ENABLE_DEBUG_INFO = NO;
				MTL_FAST_MATH = YES;
				SDKROOT = iphoneos;
				SWIFT_COMPILATION_MODE = wholemodule;
				VALIDATE_PRODUCT = YES;
			};
			name = Release;
		};
		0657E2112EA531C9006C923F /* Debug */ = {
			isa = XCBuildConfiguration;
			buildSettings = {
				ASSETCATALOG_COMPILER_APPICON_NAME = AppIcon;
				ASSETCATALOG_COMPILER_GLOBAL_ACCENT_COLOR_NAME = AccentColor;
				CODE_SIGN_STYLE = Automatic;
				CURRENT_PROJECT_VERSION = 1;
				DEVELOPMENT_TEAM = P2B8GBB5KP;
				ENABLE_PREVIEWS = YES;
				GENERATE_INFOPLIST_FILE = YES;
				INFOPLIST_FILE = ChildCare/Info.plist;
				INFOPLIST_KEY_CFBundleDisplayName = "";
				INFOPLIST_KEY_LSApplicationCategoryType = "";
				INFOPLIST_KEY_NSCalendarsFullAccessUsageDescription = "ChildCare necesita acceso a tu calendario para agendar citas médicas del bebé";
				INFOPLIST_KEY_NSCalendarsUsageDescription = "ChildCare necesita acceso a tu calendario para agendar citas médicas";
				INFOPLIST_KEY_NSCameraUsageDescription = "La app necesita acceso a la cámara para escanear la cartilla de vacunación de tu bebé y mantener un respaldo digital seguro.";
				INFOPLIST_KEY_NSPhotoLibraryAddUsageDescription = "La app necesita guardar las imágenes escaneadas en tu galería para que tengas un respaldo de la cartilla.";
				INFOPLIST_KEY_UIApplicationSceneManifest_Generation = YES;
				INFOPLIST_KEY_UIApplicationSupportsIndirectInputEvents = YES;
				INFOPLIST_KEY_UILaunchScreen_Generation = YES;
				INFOPLIST_KEY_UISupportedInterfaceOrientations_iPad = "UIInterfaceOrientationPortrait UIInterfaceOrientationPortraitUpsideDown UIInterfaceOrientationLandscapeLeft UIInterfaceOrientationLandscapeRight";
				INFOPLIST_KEY_UISupportedInterfaceOrientations_iPhone = "UIInterfaceOrientationPortrait UIInterfaceOrientationLandscapeLeft UIInterfaceOrientationLandscapeRight";
				LD_RUNPATH_SEARCH_PATHS = (
					"$(inherited)",
					"@executable_path/Frameworks",
				);
				MARKETING_VERSION = 1.0;
				PRODUCT_BUNDLE_IDENTIFIER = com.marthaheredia.childcare.ChildCare;
				PRODUCT_NAME = "$(TARGET_NAME)";
				STRING_CATALOG_GENERATE_SYMBOLS = YES;
				SWIFT_APPROACHABLE_CONCURRENCY = YES;
				SWIFT_DEFAULT_ACTOR_ISOLATION = MainActor;
				SWIFT_EMIT_LOC_STRINGS = YES;
				SWIFT_UPCOMING_FEATURE_MEMBER_IMPORT_VISIBILITY = YES;
				SWIFT_VERSION = 5.0;
				TARGETED_DEVICE_FAMILY = "1,2";
			};
			name = Debug;
		};
		0657E2122EA531C9006C923F /* Release */ = {
			isa = XCBuildConfiguration;
			buildSettings = {
				ASSETCATALOG_COMPILER_APPICON_NAME = AppIcon;
				ASSETCATALOG_COMPILER_GLOBAL_ACCENT_COLOR_NAME = AccentColor;
				CODE_SIGN_STYLE = Automatic;
				CURRENT_PROJECT_VERSION = 1;
				DEVELOPMENT_TEAM = P2B8GBB5KP;
				ENABLE_PREVIEWS = YES;
				GENERATE_INFOPLIST_FILE = YES;
				INFOPLIST_FILE = ChildCare/Info.plist;
				INFOPLIST_KEY_CFBundleDisplayName = "";
				INFOPLIST_KEY_LSApplicationCategoryType = "";
				INFOPLIST_KEY_NSCalendarsFullAccessUsageDescription = "ChildCare necesita acceso a tu calendario para agendar citas médicas del bebé";
				INFOPLIST_KEY_NSCalendarsUsageDescription = "ChildCare necesita acceso a tu calendario para agendar citas médicas";
				INFOPLIST_KEY_NSCameraUsageDescription = "La app necesita acceso a la cámara para escanear la cartilla de vacunación de tu bebé y mantener un respaldo digital seguro.";
				INFOPLIST_KEY_NSPhotoLibraryAddUsageDescription = "La app necesita guardar las imágenes escaneadas en tu galería para que tengas un respaldo de la cartilla.";
				INFOPLIST_KEY_UIApplicationSceneManifest_Generation = YES;
				INFOPLIST_KEY_UIApplicationSupportsIndirectInputEvents = YES;
				INFOPLIST_KEY_UILaunchScreen_Generation = YES;
				INFOPLIST_KEY_UISupportedInterfaceOrientations_iPad = "UIInterfaceOrientationPortrait UIInterfaceOrientationPortraitUpsideDown UIInterfaceOrientationLandscapeLeft UIInterfaceOrientationLandscapeRight";
				INFOPLIST_KEY_UISupportedInterfaceOrientations_iPhone = "UIInterfaceOrientationPortrait UIInterfaceOrientationLandscapeLeft UIInterfaceOrientationLandscapeRight";
				LD_RUNPATH_SEARCH_PATHS = (
					"$(inherited)",
					"@executable_path/Frameworks",
				);
				MARKETING_VERSION = 1.0;
				PRODUCT_BUNDLE_IDENTIFIER = com.marthaheredia.childcare.ChildCare;
				PRODUCT_NAME = "$(TARGET_NAME)";
				STRING_CATALOG_GENERATE_SYMBOLS = YES;
				SWIFT_APPROACHABLE_CONCURRENCY = YES;
				SWIFT_DEFAULT_ACTOR_ISOLATION = MainActor;
				SWIFT_EMIT_LOC_STRINGS = YES;
				SWIFT_UPCOMING_FEATURE_MEMBER_IMPORT_VISIBILITY = YES;
				SWIFT_VERSION = 5.0;
				TARGETED_DEVICE_FAMILY = "1,2";
			};
			name = Release;
		};
		0657E2142EA531C9006C923F /* Debug */ = {
			isa = XCBuildConfiguration;
			buildSettings = {
				BUNDLE_LOADER = "$(TEST_HOST)";
				CODE_SIGN_STYLE = Automatic;
				CURRENT_PROJECT_VERSION = 1;
				DEVELOPMENT_TEAM = P2B8GBB5KP;
				GENERATE_INFOPLIST_FILE = YES;
				IPHONEOS_DEPLOYMENT_TARGET = 26.0;
				MARKETING_VERSION = 1.0;
				PRODUCT_BUNDLE_IDENTIFIER = com.marthaheredia.childcare.ChildCareTests;
				PRODUCT_NAME = "$(TARGET_NAME)";
				STRING_CATALOG_GENERATE_SYMBOLS = NO;
				SWIFT_APPROACHABLE_CONCURRENCY = YES;
				SWIFT_EMIT_LOC_STRINGS = NO;
				SWIFT_UPCOMING_FEATURE_MEMBER_IMPORT_VISIBILITY = YES;
				SWIFT_VERSION = 5.0;
				TARGETED_DEVICE_FAMILY = "1,2";
				TEST_HOST = "$(BUILT_PRODUCTS_DIR)/ChildCare.app/$(BUNDLE_EXECUTABLE_FOLDER_PATH)/ChildCare";
			};
			name = Debug;
		};
		0657E2152EA531C9006C923F /* Release */ = {
			isa = XCBuildConfiguration;
			buildSettings = {
				BUNDLE_LOADER = "$(TEST_HOST)";
				CODE_SIGN_STYLE = Automatic;
				CURRENT_PROJECT_VERSION = 1;
				DEVELOPMENT_TEAM = P2B8GBB5KP;
				GENERATE_INFOPLIST_FILE = YES;
				IPHONEOS_DEPLOYMENT_TARGET = 26.0;
				MARKETING_VERSION = 1.0;
				PRODUCT_BUNDLE_IDENTIFIER = com.marthaheredia.childcare.ChildCareTests;
				PRODUCT_NAME = "$(TARGET_NAME)";
				STRING_CATALOG_GENERATE_SYMBOLS = NO;
				SWIFT_APPROACHABLE_CONCURRENCY = YES;
				SWIFT_EMIT_LOC_STRINGS = NO;
				SWIFT_UPCOMING_FEATURE_MEMBER_IMPORT_VISIBILITY = YES;
				SWIFT_VERSION = 5.0;
				TARGETED_DEVICE_FAMILY = "1,2";
				TEST_HOST = "$(BUILT_PRODUCTS_DIR)/ChildCare.app/$(BUNDLE_EXECUTABLE_FOLDER_PATH)/ChildCare";
			};
			name = Release;
		};
		0657E2172EA531C9006C923F /* Debug */ = {
			isa = XCBuildConfiguration;
			buildSettings = {
				CODE_SIGN_STYLE = Automatic;
				CURRENT_PROJECT_VERSION = 1;
				DEVELOPMENT_TEAM = P2B8GBB5KP;
				GENERATE_INFOPLIST_FILE = YES;
				MARKETING_VERSION = 1.0;
				PRODUCT_BUNDLE_IDENTIFIER = com.marthaheredia.childcare.ChildCareUITests;
				PRODUCT_NAME = "$(TARGET_NAME)";
				STRING_CATALOG_GENERATE_SYMBOLS = NO;
				SWIFT_APPROACHABLE_CONCURRENCY = YES;
				SWIFT_EMIT_LOC_STRINGS = NO;
				SWIFT_UPCOMING_FEATURE_MEMBER_IMPORT_VISIBILITY = YES;
				SWIFT_VERSION = 5.0;
				TARGETED_DEVICE_FAMILY = "1,2";
				TEST_TARGET_NAME = ChildCare;
			};
			name = Debug;
		};
		0657E2182EA531C9006C923F /* Release */ = {
			isa = XCBuildConfiguration;
			buildSettings = {
				CODE_SIGN_STYLE = Automatic;
				CURRENT_PROJECT_VERSION = 1;
				DEVELOPMENT_TEAM = P2B8GBB5KP;
				GENERATE_INFOPLIST_FILE = YES;
				MARKETING_VERSION = 1.0;
				PRODUCT_BUNDLE_IDENTIFIER = com.marthaheredia.childcare.ChildCareUITests;
				PRODUCT_NAME = "$(TARGET_NAME)";
				STRING_CATALOG_GENERATE_SYMBOLS = NO;
				SWIFT_APPROACHABLE_CONCURRENCY = YES;
				SWIFT_EMIT_LOC_STRINGS = NO;
				SWIFT_UPCOMING_FEATURE_MEMBER_IMPORT_VISIBILITY = YES;
				SWIFT_VERSION = 5.0;
				TARGETED_DEVICE_FAMILY = "1,2";
				TEST_TARGET_NAME = ChildCare;
			};
			name = Release;
		};
/* End XCBuildConfiguration section */

/* Begin XCConfigurationList section */
		0657E1EA2EA531C6006C923F /* Build configuration list for PBXProject "ChildCare" */ = {
			isa = XCConfigurationList;
			buildConfigurations = (
				0657E20E2EA531C9006C923F /* Debug */,
				0657E20F2EA531C9006C923F /* Release */,
			);
			defaultConfigurationIsVisible = 0;
			defaultConfigurationName = Release;
		};
		0657E2102EA531C9006C923F /* Build configuration list for PBXNativeTarget "ChildCare" */ = {
			isa = XCConfigurationList;
			buildConfigurations = (
				0657E2112EA531C9006C923F /* Debug */,
				0657E2122EA531C9006C923F /* Release */,
			);
			defaultConfigurationIsVisible = 0;
			defaultConfigurationName = Release;
		};
		0657E2132EA531C9006C923F /* Build configuration list for PBXNativeTarget "ChildCareTests" */ = {
			isa = XCConfigurationList;
			buildConfigurations = (
				0657E2142EA531C9006C923F /* Debug */,
				0657E2152EA531C9006C923F /* Release */,
			);
			defaultConfigurationIsVisible = 0;
			defaultConfigurationName = Release;
		};
		0657E2162EA531C9006C923F /* Build configuration list for PBXNativeTarget "ChildCareUITests" */ = {
			isa = XCConfigurationList;
			buildConfigurations = (
				0657E2172EA531C9006C923F /* Debug */,
				0657E2182EA531C9006C923F /* Release */,
			);
			defaultConfigurationIsVisible = 0;
			defaultConfigurationName = Release;
		};
/* End XCConfigurationList section */
	};
	rootObject = 0657E1E72EA531C6006C923F /* Project object */;
}
